
Microsoft Visual Studio Solution File, Format Version 12.00
# Visual Studio Version 17
VisualStudioVersion = 17.5.002.0
MinimumVisualStudioVersion = 10.0.40219.1
Project("{9A19103F-16F7-4668-BE54-9A1E7A4F7556}") = "jokes_project", "jokes_project.csproj", "{66A73722-889B-4813-93C4-FD02A7C891AD}"
EndProject
Global
	GlobalSection(SolutionConfigurationPlatforms) = preSolution
		Debug|Any CPU = Debug|Any CPU
		Release|Any CPU = Release|Any CPU
	EndGlobalSection
	GlobalSection(ProjectConfigurationPlatforms) = postSolution
		{66A73722-889B-4813-93C4-FD02A7C891AD}.Debug|Any CPU.ActiveCfg = Debug|Any CPU
		{66A73722-889B-4813-93C4-FD02A7C891AD}.Debug|Any CPU.Build.0 = Debug|Any CPU
		{66A73722-889B-4813-93C4-FD02A7C891AD}.Release|Any CPU.ActiveCfg = Release|Any CPU
		{66A73722-889B-4813-93C4-FD02A7C891AD}.Release|Any CPU.Build.0 = Release|Any CPU
	EndGlobalSection
	GlobalSection(SolutionProperties) = preSolution
		HideSolutionNode = FALSE
	EndGlobalSection
	GlobalSection(ExtensibilityGlobals) = postSolution
		SolutionGuid = {FA8B6F7D-0492-43B7-9A2D-13AA9F82DFB2}
	EndGlobalSection
EndGlobal
